
Microsoft Visual Studio Solution File, Format Version 12.00
# Visual Studio Version 17
VisualStudioVersion = 17.14.36212.18 d17.14
MinimumVisualStudioVersion = 10.0.40219.1
Project("{FAE04EC0-301F-11D3-BF4B-00C04F79EFBC}") = "TestAdvacedCsharpCode", "TestAdvacedCsharpCode.csproj", "{BF9ADD29-5D4A-4D22-B4BB-2A3DA32B436F}"
EndProject
Global
	GlobalSection(SolutionConfigurationPlatforms) = preSolution
		Debug|Any CPU = Debug|Any CPU
		Release|Any CPU = Release|Any CPU
	EndGlobalSection
	GlobalSection(ProjectConfigurationPlatforms) = postSolution
		{BF9ADD29-5D4A-4D22-B4BB-2A3DA32B436F}.Debug|Any CPU.ActiveCfg = Debug|Any CPU
		{BF9ADD29-5D4A-4D22-B4BB-2A3DA32B436F}.Debug|Any CPU.Build.0 = Debug|Any CPU
		{BF9ADD29-5D4A-4D22-B4BB-2A3DA32B436F}.Release|Any CPU.ActiveCfg = Release|Any CPU
		{BF9ADD29-5D4A-4D22-B4BB-2A3DA32B436F}.Release|Any CPU.Build.0 = Release|Any CPU
	EndGlobalSection
	GlobalSection(SolutionProperties) = preSolution
		HideSolutionNode = FALSE
	EndGlobalSection
	GlobalSection(ExtensibilityGlobals) = postSolution
		SolutionGuid = {F7CBF620-002D-4BE9-BD2E-706CF50F03C4}
	EndGlobalSection
EndGlobal
